// !$*UTF8*$!
{
	archiveVersion = 1;
	classes = {
	};
	objectVersion = 46;
	objects = {

/* Begin PBXBuildFile section */
		762670DA17F3458000B5E485 /* UIKit.framework in Frameworks */ = {isa = PBXBuildFile; fileRef = 762670D917F3458000B5E485 /* UIKit.framework */; };
		762670DC17F3458000B5E485 /* Foundation.framework in Frameworks */ = {isa = PBXBuildFile; fileRef = 762670DB17F3458000B5E485 /* Foundation.framework */; };
		762670DE17F3458000B5E485 /* CoreGraphics.framework in Frameworks */ = {isa = PBXBuildFile; fileRef = 762670DD17F3458000B5E485 /* CoreGraphics.framework */; };
		762670E017F3458000B5E485 /* CoreData.framework in Frameworks */ = {isa = PBXBuildFile; fileRef = 762670DF17F3458000B5E485 /* CoreData.framework */; };
		762670E817F3458000B5E485 /* main.m in Sources */ = {isa = PBXBuildFile; fileRef = 762670E717F3458000B5E485 /* main.m */; };
		762670EC17F3458000B5E485 /* BUAppDelegate.m in Sources */ = {isa = PBXBuildFile; fileRef = 762670EB17F3458000B5E485 /* BUAppDelegate.m */; };
		762670EE17F3458000B5E485 /* Default.png in Resources */ = {isa = PBXBuildFile; fileRef = 762670ED17F3458000B5E485 /* Default.png */; };
		762670F017F3458000B5E485 /* Default@2x.png in Resources */ = {isa = PBXBuildFile; fileRef = 762670EF17F3458000B5E485 /* Default@2x.png */; };
		762670F217F3458000B5E485 /* Default-568h@2x.png in Resources */ = {isa = PBXBuildFile; fileRef = 762670F117F3458000B5E485 /* Default-568h@2x.png */; };
		763CF16517F355BA00A67E61 /* BULoginViewController.m in Sources */ = {isa = PBXBuildFile; fileRef = 763CF15A17F355BA00A67E61 /* BULoginViewController.m */; };
		763CF16617F355BA00A67E61 /* BULoginViewController.xib in Resources */ = {isa = PBXBuildFile; fileRef = 763CF15B17F355BA00A67E61 /* BULoginViewController.xib */; };
		763CF16717F355BA00A67E61 /* BUPerfilEmpresaViewController.m in Sources */ = {isa = PBXBuildFile; fileRef = 763CF15D17F355BA00A67E61 /* BUPerfilEmpresaViewController.m */; };
		763CF16817F355BA00A67E61 /* BUPerfilEmpresaViewController.xib in Resources */ = {isa = PBXBuildFile; fileRef = 763CF15E17F355BA00A67E61 /* BUPerfilEmpresaViewController.xib */; };
		763CF16917F355BA00A67E61 /* BURealizarPublicacionViewController.m in Sources */ = {isa = PBXBuildFile; fileRef = 763CF16017F355BA00A67E61 /* BURealizarPublicacionViewController.m */; };
		763CF16A17F355BA00A67E61 /* BURealizarPublicacionViewController.xib in Resources */ = {isa = PBXBuildFile; fileRef = 763CF16117F355BA00A67E61 /* BURealizarPublicacionViewController.xib */; };
		763CF16B17F355BA00A67E61 /* BURegistroViewController.m in Sources */ = {isa = PBXBuildFile; fileRef = 763CF16317F355BA00A67E61 /* BURegistroViewController.m */; };
		763CF16C17F355BA00A67E61 /* BURegistroViewController.xib in Resources */ = {isa = PBXBuildFile; fileRef = 763CF16417F355BA00A67E61 /* BURegistroViewController.xib */; };
		D186F4D517F5DA3F00D13B66 /* Empresa.m in Sources */ = {isa = PBXBuildFile; fileRef = D186F4CE17F5DA3F00D13B66 /* Empresa.m */; };
		D186F4D617F5DA3F00D13B66 /* Persona.m in Sources */ = {isa = PBXBuildFile; fileRef = D186F4D017F5DA3F00D13B66 /* Persona.m */; };
		D186F4D717F5DA3F00D13B66 /* Publicacion.m in Sources */ = {isa = PBXBuildFile; fileRef = D186F4D217F5DA3F00D13B66 /* Publicacion.m */; };
		D186F4D817F5DA3F00D13B66 /* Sector.m in Sources */ = {isa = PBXBuildFile; fileRef = D186F4D417F5DA3F00D13B66 /* Sector.m */; };
		D186F4DB17F5DA5900D13B66 /* BrockUs.xcdatamodeld in Sources */ = {isa = PBXBuildFile; fileRef = D186F4D917F5DA5900D13B66 /* BrockUs.xcdatamodeld */; };
		D186F4DD17F5DBA000D13B66 /* BrockUs.sqlite in Resources */ = {isa = PBXBuildFile; fileRef = D186F4DC17F5DBA000D13B66 /* BrockUs.sqlite */; };
		D7828C1617F5CA84003F4E3F /* BrockUs.sqlite in Resources */ = {isa = PBXBuildFile; fileRef = D7828C1517F5CA84003F4E3F /* BrockUs.sqlite */; };
		D78379EB17F4861E007BDD0A /* 0star.png in Resources */ = {isa = PBXBuildFile; fileRef = D78379EA17F4861E007BDD0A /* 0star.png */; };
		D7837A5317F4A2EC007BDD0A /* BUMuroPublicacionesViewController.m in Sources */ = {isa = PBXBuildFile; fileRef = D7837A5117F4A2EC007BDD0A /* BUMuroPublicacionesViewController.m */; };
		D7837A5417F4A2EC007BDD0A /* BUMuroPublicacionesViewController.xib in Resources */ = {isa = PBXBuildFile; fileRef = D7837A5217F4A2EC007BDD0A /* BUMuroPublicacionesViewController.xib */; };
		D7837A7217F4A32E007BDD0A /* BUBusquedaEspecialViewController.m in Sources */ = {isa = PBXBuildFile; fileRef = D7837A5817F4A32D007BDD0A /* BUBusquedaEspecialViewController.m */; };
		D7837A7317F4A32E007BDD0A /* BUBusquedaEspecialViewController.xib in Resources */ = {isa = PBXBuildFile; fileRef = D7837A5917F4A32D007BDD0A /* BUBusquedaEspecialViewController.xib */; };
		D7837A7417F4A32E007BDD0A /* BUInvitarPersonaViewController.m in Sources */ = {isa = PBXBuildFile; fileRef = D7837A5B17F4A32D007BDD0A /* BUInvitarPersonaViewController.m */; };
		D7837A7517F4A32E007BDD0A /* BUInvitarPersonaViewController.xib in Resources */ = {isa = PBXBuildFile; fileRef = D7837A5C17F4A32D007BDD0A /* BUInvitarPersonaViewController.xib */; };
		D7837A7617F4A32E007BDD0A /* BUPanelIzquierdoViewController.m in Sources */ = {isa = PBXBuildFile; fileRef = D7837A5E17F4A32D007BDD0A /* BUPanelIzquierdoViewController.m */; };
		D7837A7717F4A32E007BDD0A /* BUPanelIzquierdoViewController.xib in Resources */ = {isa = PBXBuildFile; fileRef = D7837A5F17F4A32D007BDD0A /* BUPanelIzquierdoViewController.xib */; };
		D7837A7817F4A32E007BDD0A /* BUResultadoBusquedaViewController.m in Sources */ = {isa = PBXBuildFile; fileRef = D7837A6117F4A32D007BDD0A /* BUResultadoBusquedaViewController.m */; };
		D7837A7917F4A32E007BDD0A /* BUResultadoBusquedaViewController.xib in Resources */ = {isa = PBXBuildFile; fileRef = D7837A6217F4A32D007BDD0A /* BUResultadoBusquedaViewController.xib */; };
		D7837A7A17F4A32E007BDD0A /* BUSeleccionarSectorViewController.m in Sources */ = {isa = PBXBuildFile; fileRef = D7837A6417F4A32E007BDD0A /* BUSeleccionarSectorViewController.m */; };
		D7837A7B17F4A32E007BDD0A /* BUSeleccionarSectorViewController.xib in Resources */ = {isa = PBXBuildFile; fileRef = D7837A6517F4A32E007BDD0A /* BUSeleccionarSectorViewController.xib */; };
		DF226AF717F5EB00001ACE42 /* arrow.png in Resources */ = {isa = PBXBuildFile; fileRef = DF226AF317F5EB00001ACE42 /* arrow.png */; };
		DF226AF817F5EB00001ACE42 /* ComboBox.m in Sources */ = {isa = PBXBuildFile; fileRef = DF226AF517F5EB00001ACE42 /* ComboBox.m */; };
		DF226AF917F5EB00001ACE42 /* ComboBox.xib in Resources */ = {isa = PBXBuildFile; fileRef = DF226AF617F5EB00001ACE42 /* ComboBox.xib */; };
/* End PBXBuildFile section */

/* Begin PBXFileReference section */
		762670D617F3458000B5E485 /* BrockUs.app */ = {isa = PBXFileReference; explicitFileType = wrapper.application; includeInIndex = 0; path = BrockUs.app; sourceTree = BUILT_PRODUCTS_DIR; };
		762670D917F3458000B5E485 /* UIKit.framework */ = {isa = PBXFileReference; lastKnownFileType = wrapper.framework; name = UIKit.framework; path = System/Library/Frameworks/UIKit.framework; sourceTree = SDKROOT; };
		762670DB17F3458000B5E485 /* Foundation.framework */ = {isa = PBXFileReference; lastKnownFileType = wrapper.framework; name = Foundation.framework; path = System/Library/Frameworks/Foundation.framework; sourceTree = SDKROOT; };
		762670DD17F3458000B5E485 /* CoreGraphics.framework */ = {isa = PBXFileReference; lastKnownFileType = wrapper.framework; name = CoreGraphics.framework; path = System/Library/Frameworks/CoreGraphics.framework; sourceTree = SDKROOT; };
		762670DF17F3458000B5E485 /* CoreData.framework */ = {isa = PBXFileReference; lastKnownFileType = wrapper.framework; name = CoreData.framework; path = System/Library/Frameworks/CoreData.framework; sourceTree = SDKROOT; };
		762670E317F3458000B5E485 /* BrockUs-Info.plist */ = {isa = PBXFileReference; lastKnownFileType = text.plist.xml; path = "BrockUs-Info.plist"; sourceTree = "<group>"; };
		762670E717F3458000B5E485 /* main.m */ = {isa = PBXFileReference; lastKnownFileType = sourcecode.c.objc; path = main.m; sourceTree = "<group>"; };
		762670E917F3458000B5E485 /* BrockUs-Prefix.pch */ = {isa = PBXFileReference; lastKnownFileType = sourcecode.c.h; path = "BrockUs-Prefix.pch"; sourceTree = "<group>"; };
		762670EA17F3458000B5E485 /* BUAppDelegate.h */ = {isa = PBXFileReference; lastKnownFileType = sourcecode.c.h; path = BUAppDelegate.h; sourceTree = "<group>"; };
		762670EB17F3458000B5E485 /* BUAppDelegate.m */ = {isa = PBXFileReference; lastKnownFileType = sourcecode.c.objc; path = BUAppDelegate.m; sourceTree = "<group>"; };
		762670ED17F3458000B5E485 /* Default.png */ = {isa = PBXFileReference; lastKnownFileType = image.png; path = Default.png; sourceTree = "<group>"; };
		762670EF17F3458000B5E485 /* Default@2x.png */ = {isa = PBXFileReference; lastKnownFileType = image.png; path = "Default@2x.png"; sourceTree = "<group>"; };
		762670F117F3458000B5E485 /* Default-568h@2x.png */ = {isa = PBXFileReference; lastKnownFileType = image.png; path = "Default-568h@2x.png"; sourceTree = "<group>"; };
		763CF15917F355BA00A67E61 /* BULoginViewController.h */ = {isa = PBXFileReference; fileEncoding = 4; lastKnownFileType = sourcecode.c.h; path = BULoginViewController.h; sourceTree = "<group>"; };
		763CF15A17F355BA00A67E61 /* BULoginViewController.m */ = {isa = PBXFileReference; fileEncoding = 4; lastKnownFileType = sourcecode.c.objc; path = BULoginViewController.m; sourceTree = "<group>"; };
		763CF15B17F355BA00A67E61 /* BULoginViewController.xib */ = {isa = PBXFileReference; fileEncoding = 4; lastKnownFileType = file.xib; path = BULoginViewController.xib; sourceTree = "<group>"; };
		763CF15C17F355BA00A67E61 /* BUPerfilEmpresaViewController.h */ = {isa = PBXFileReference; fileEncoding = 4; lastKnownFileType = sourcecode.c.h; path = BUPerfilEmpresaViewController.h; sourceTree = "<group>"; };
		763CF15D17F355BA00A67E61 /* BUPerfilEmpresaViewController.m */ = {isa = PBXFileReference; fileEncoding = 4; lastKnownFileType = sourcecode.c.objc; path = BUPerfilEmpresaViewController.m; sourceTree = "<group>"; };
		763CF15E17F355BA00A67E61 /* BUPerfilEmpresaViewController.xib */ = {isa = PBXFileReference; fileEncoding = 4; lastKnownFileType = file.xib; path = BUPerfilEmpresaViewController.xib; sourceTree = "<group>"; };
		763CF15F17F355BA00A67E61 /* BURealizarPublicacionViewController.h */ = {isa = PBXFileReference; fileEncoding = 4; lastKnownFileType = sourcecode.c.h; path = BURealizarPublicacionViewController.h; sourceTree = "<group>"; };
		763CF16017F355BA00A67E61 /* BURealizarPublicacionViewController.m */ = {isa = PBXFileReference; fileEncoding = 4; lastKnownFileType = sourcecode.c.objc; path = BURealizarPublicacionViewController.m; sourceTree = "<group>"; };
		763CF16117F355BA00A67E61 /* BURealizarPublicacionViewController.xib */ = {isa = PBXFileReference; fileEncoding = 4; lastKnownFileType = file.xib; path = BURealizarPublicacionViewController.xib; sourceTree = "<group>"; };
		763CF16217F355BA00A67E61 /* BURegistroViewController.h */ = {isa = PBXFileReference; fileEncoding = 4; lastKnownFileType = sourcecode.c.h; path = BURegistroViewController.h; sourceTree = "<group>"; };
		763CF16317F355BA00A67E61 /* BURegistroViewController.m */ = {isa = PBXFileReference; fileEncoding = 4; lastKnownFileType = sourcecode.c.objc; path = BURegistroViewController.m; sourceTree = "<group>"; };
		763CF16417F355BA00A67E61 /* BURegistroViewController.xib */ = {isa = PBXFileReference; fileEncoding = 4; lastKnownFileType = file.xib; path = BURegistroViewController.xib; sourceTree = "<group>"; };
		D186F4CD17F5DA3F00D13B66 /* Empresa.h */ = {isa = PBXFileReference; fileEncoding = 4; lastKnownFileType = sourcecode.c.h; path = Empresa.h; sourceTree = "<group>"; };
		D186F4CE17F5DA3F00D13B66 /* Empresa.m */ = {isa = PBXFileReference; fileEncoding = 4; lastKnownFileType = sourcecode.c.objc; path = Empresa.m; sourceTree = "<group>"; };
		D186F4CF17F5DA3F00D13B66 /* Persona.h */ = {isa = PBXFileReference; fileEncoding = 4; lastKnownFileType = sourcecode.c.h; path = Persona.h; sourceTree = "<group>"; };
		D186F4D017F5DA3F00D13B66 /* Persona.m */ = {isa = PBXFileReference; fileEncoding = 4; lastKnownFileType = sourcecode.c.objc; path = Persona.m; sourceTree = "<group>"; };
		D186F4D117F5DA3F00D13B66 /* Publicacion.h */ = {isa = PBXFileReference; fileEncoding = 4; lastKnownFileType = sourcecode.c.h; path = Publicacion.h; sourceTree = "<group>"; };
		D186F4D217F5DA3F00D13B66 /* Publicacion.m */ = {isa = PBXFileReference; fileEncoding = 4; lastKnownFileType = sourcecode.c.objc; path = Publicacion.m; sourceTree = "<group>"; };
		D186F4D317F5DA3F00D13B66 /* Sector.h */ = {isa = PBXFileReference; fileEncoding = 4; lastKnownFileType = sourcecode.c.h; path = Sector.h; sourceTree = "<group>"; };
		D186F4D417F5DA3F00D13B66 /* Sector.m */ = {isa = PBXFileReference; fileEncoding = 4; lastKnownFileType = sourcecode.c.objc; path = Sector.m; sourceTree = "<group>"; };
		D186F4DA17F5DA5900D13B66 /* BrockUs.xcdatamodel */ = {isa = PBXFileReference; lastKnownFileType = wrapper.xcdatamodel; path = BrockUs.xcdatamodel; sourceTree = "<group>"; };
		D186F4DC17F5DBA000D13B66 /* BrockUs.sqlite */ = {isa = PBXFileReference; lastKnownFileType = file; path = BrockUs.sqlite; sourceTree = "<group>"; };
		D7828C1517F5CA84003F4E3F /* BrockUs.sqlite */ = {isa = PBXFileReference; lastKnownFileType = file; path = BrockUs.sqlite; sourceTree = "<group>"; };
		D78379EA17F4861E007BDD0A /* 0star.png */ = {isa = PBXFileReference; lastKnownFileType = image.png; path = 0star.png; sourceTree = "<group>"; };
		D7837A5017F4A2EC007BDD0A /* BUMuroPublicacionesViewController.h */ = {isa = PBXFileReference; fileEncoding = 4; lastKnownFileType = sourcecode.c.h; name = BUMuroPublicacionesViewController.h; path = ../BUMuroPublicacionesViewController.h; sourceTree = "<group>"; };
		D7837A5117F4A2EC007BDD0A /* BUMuroPublicacionesViewController.m */ = {isa = PBXFileReference; fileEncoding = 4; lastKnownFileType = sourcecode.c.objc; name = BUMuroPublicacionesViewController.m; path = ../BUMuroPublicacionesViewController.m; sourceTree = "<group>"; };
		D7837A5217F4A2EC007BDD0A /* BUMuroPublicacionesViewController.xib */ = {isa = PBXFileReference; fileEncoding = 4; lastKnownFileType = file.xib; name = BUMuroPublicacionesViewController.xib; path = ../BUMuroPublicacionesViewController.xib; sourceTree = "<group>"; };
		D7837A5717F4A32D007BDD0A /* BUBusquedaEspecialViewController.h */ = {isa = PBXFileReference; fileEncoding = 4; lastKnownFileType = sourcecode.c.h; path = BUBusquedaEspecialViewController.h; sourceTree = "<group>"; };
		D7837A5817F4A32D007BDD0A /* BUBusquedaEspecialViewController.m */ = {isa = PBXFileReference; fileEncoding = 4; lastKnownFileType = sourcecode.c.objc; path = BUBusquedaEspecialViewController.m; sourceTree = "<group>"; };
		D7837A5917F4A32D007BDD0A /* BUBusquedaEspecialViewController.xib */ = {isa = PBXFileReference; fileEncoding = 4; lastKnownFileType = file.xib; path = BUBusquedaEspecialViewController.xib; sourceTree = "<group>"; };
		D7837A5A17F4A32D007BDD0A /* BUInvitarPersonaViewController.h */ = {isa = PBXFileReference; fileEncoding = 4; lastKnownFileType = sourcecode.c.h; path = BUInvitarPersonaViewController.h; sourceTree = "<group>"; };
		D7837A5B17F4A32D007BDD0A /* BUInvitarPersonaViewController.m */ = {isa = PBXFileReference; fileEncoding = 4; lastKnownFileType = sourcecode.c.objc; path = BUInvitarPersonaViewController.m; sourceTree = "<group>"; };
		D7837A5C17F4A32D007BDD0A /* BUInvitarPersonaViewController.xib */ = {isa = PBXFileReference; fileEncoding = 4; lastKnownFileType = file.xib; path = BUInvitarPersonaViewController.xib; sourceTree = "<group>"; };
		D7837A5D17F4A32D007BDD0A /* BUPanelIzquierdoViewController.h */ = {isa = PBXFileReference; fileEncoding = 4; lastKnownFileType = sourcecode.c.h; path = BUPanelIzquierdoViewController.h; sourceTree = "<group>"; };
		D7837A5E17F4A32D007BDD0A /* BUPanelIzquierdoViewController.m */ = {isa = PBXFileReference; fileEncoding = 4; lastKnownFileType = sourcecode.c.objc; path = BUPanelIzquierdoViewController.m; sourceTree = "<group>"; };
		D7837A5F17F4A32D007BDD0A /* BUPanelIzquierdoViewController.xib */ = {isa = PBXFileReference; fileEncoding = 4; lastKnownFileType = file.xib; path = BUPanelIzquierdoViewController.xib; sourceTree = "<group>"; };
		D7837A6017F4A32D007BDD0A /* BUResultadoBusquedaViewController.h */ = {isa = PBXFileReference; fileEncoding = 4; lastKnownFileType = sourcecode.c.h; path = BUResultadoBusquedaViewController.h; sourceTree = "<group>"; };
		D7837A6117F4A32D007BDD0A /* BUResultadoBusquedaViewController.m */ = {isa = PBXFileReference; fileEncoding = 4; lastKnownFileType = sourcecode.c.objc; path = BUResultadoBusquedaViewController.m; sourceTree = "<group>"; };
		D7837A6217F4A32D007BDD0A /* BUResultadoBusquedaViewController.xib */ = {isa = PBXFileReference; fileEncoding = 4; lastKnownFileType = file.xib; path = BUResultadoBusquedaViewController.xib; sourceTree = "<group>"; };
		D7837A6317F4A32D007BDD0A /* BUSeleccionarSectorViewController.h */ = {isa = PBXFileReference; fileEncoding = 4; lastKnownFileType = sourcecode.c.h; path = BUSeleccionarSectorViewController.h; sourceTree = "<group>"; };
		D7837A6417F4A32E007BDD0A /* BUSeleccionarSectorViewController.m */ = {isa = PBXFileReference; fileEncoding = 4; lastKnownFileType = sourcecode.c.objc; path = BUSeleccionarSectorViewController.m; sourceTree = "<group>"; };
		D7837A6517F4A32E007BDD0A /* BUSeleccionarSectorViewController.xib */ = {isa = PBXFileReference; fileEncoding = 4; lastKnownFileType = file.xib; path = BUSeleccionarSectorViewController.xib; sourceTree = "<group>"; };
		DF226AF317F5EB00001ACE42 /* arrow.png */ = {isa = PBXFileReference; lastKnownFileType = image.png; path = arrow.png; sourceTree = "<group>"; };
		DF226AF417F5EB00001ACE42 /* ComboBox.h */ = {isa = PBXFileReference; fileEncoding = 4; lastKnownFileType = sourcecode.c.h; path = ComboBox.h; sourceTree = "<group>"; };
		DF226AF517F5EB00001ACE42 /* ComboBox.m */ = {isa = PBXFileReference; fileEncoding = 4; lastKnownFileType = sourcecode.c.objc; path = ComboBox.m; sourceTree = "<group>"; };
		DF226AF617F5EB00001ACE42 /* ComboBox.xib */ = {isa = PBXFileReference; fileEncoding = 4; lastKnownFileType = file.xib; path = ComboBox.xib; sourceTree = "<group>"; };
/* End PBXFileReference section */

/* Begin PBXFrameworksBuildPhase section */
		762670D317F3458000B5E485 /* Frameworks */ = {
			isa = PBXFrameworksBuildPhase;
			buildActionMask = 2147483647;
			files = (
				762670DA17F3458000B5E485 /* UIKit.framework in Frameworks */,
				762670DC17F3458000B5E485 /* Foundation.framework in Frameworks */,
				762670DE17F3458000B5E485 /* CoreGraphics.framework in Frameworks */,
				762670E017F3458000B5E485 /* CoreData.framework in Frameworks */,
			);
			runOnlyForDeploymentPostprocessing = 0;
		};
/* End PBXFrameworksBuildPhase section */

/* Begin PBXGroup section */
		762670CD17F3458000B5E485 = {
			isa = PBXGroup;
			children = (
				D7837A6817F4A32E007BDD0A /* en.lproj */,
				762670E117F3458000B5E485 /* BrockUs */,
				762670D817F3458000B5E485 /* Frameworks */,
				762670D717F3458000B5E485 /* Products */,
			);
			sourceTree = "<group>";
		};
		762670D717F3458000B5E485 /* Products */ = {
			isa = PBXGroup;
			children = (
				762670D617F3458000B5E485 /* BrockUs.app */,
			);
			name = Products;
			sourceTree = "<group>";
		};
		762670D817F3458000B5E485 /* Frameworks */ = {
			isa = PBXGroup;
			children = (
				762670D917F3458000B5E485 /* UIKit.framework */,
				762670DB17F3458000B5E485 /* Foundation.framework */,
				762670DD17F3458000B5E485 /* CoreGraphics.framework */,
				762670DF17F3458000B5E485 /* CoreData.framework */,
			);
			name = Frameworks;
			sourceTree = "<group>";
		};
		762670E117F3458000B5E485 /* BrockUs */ = {
			isa = PBXGroup;
			children = (
				D186F4D917F5DA5900D13B66 /* BrockUs.xcdatamodeld */,
				763CF16D17F355C300A67E61 /* VC */,
				762670EA17F3458000B5E485 /* BUAppDelegate.h */,
				D7828C1517F5CA84003F4E3F /* BrockUs.sqlite */,
				762670EB17F3458000B5E485 /* BUAppDelegate.m */,
				D1C4A43817F486630088BE96 /* Model */,
				762670E217F3458000B5E485 /* Supporting Files */,
			);
			path = BrockUs;
			sourceTree = "<group>";
		};
		762670E217F3458000B5E485 /* Supporting Files */ = {
			isa = PBXGroup;
			children = (
				D186F4DC17F5DBA000D13B66 /* BrockUs.sqlite */,
				762670E317F3458000B5E485 /* BrockUs-Info.plist */,
				762670E717F3458000B5E485 /* main.m */,
				762670E917F3458000B5E485 /* BrockUs-Prefix.pch */,
				762670ED17F3458000B5E485 /* Default.png */,
				762670EF17F3458000B5E485 /* Default@2x.png */,
				762670F117F3458000B5E485 /* Default-568h@2x.png */,
			);
			name = "Supporting Files";
			sourceTree = "<group>";
		};
		763CF16D17F355C300A67E61 /* VC */ = {
			isa = PBXGroup;
			children = (
				DF226AF217F5EB00001ACE42 /* ComboBox */,
				763CF15917F355BA00A67E61 /* BULoginViewController.h */,
				763CF15A17F355BA00A67E61 /* BULoginViewController.m */,
				763CF15B17F355BA00A67E61 /* BULoginViewController.xib */,
				763CF16217F355BA00A67E61 /* BURegistroViewController.h */,
				763CF16317F355BA00A67E61 /* BURegistroViewController.m */,
				763CF16417F355BA00A67E61 /* BURegistroViewController.xib */,
				D7837A5717F4A32D007BDD0A /* BUBusquedaEspecialViewController.h */,
				D7837A5817F4A32D007BDD0A /* BUBusquedaEspecialViewController.m */,
				D7837A5917F4A32D007BDD0A /* BUBusquedaEspecialViewController.xib */,
				D7837A5A17F4A32D007BDD0A /* BUInvitarPersonaViewController.h */,
				D7837A5B17F4A32D007BDD0A /* BUInvitarPersonaViewController.m */,
				D7837A5C17F4A32D007BDD0A /* BUInvitarPersonaViewController.xib */,
				D7837A5D17F4A32D007BDD0A /* BUPanelIzquierdoViewController.h */,
				D7837A5E17F4A32D007BDD0A /* BUPanelIzquierdoViewController.m */,
				D7837A5F17F4A32D007BDD0A /* BUPanelIzquierdoViewController.xib */,
				D7837A6017F4A32D007BDD0A /* BUResultadoBusquedaViewController.h */,
				D7837A6117F4A32D007BDD0A /* BUResultadoBusquedaViewController.m */,
				D7837A6217F4A32D007BDD0A /* BUResultadoBusquedaViewController.xib */,
				D7837A6317F4A32D007BDD0A /* BUSeleccionarSectorViewController.h */,
				D7837A6417F4A32E007BDD0A /* BUSeleccionarSectorViewController.m */,
				D7837A6517F4A32E007BDD0A /* BUSeleccionarSectorViewController.xib */,
				D7837A5017F4A2EC007BDD0A /* BUMuroPublicacionesViewController.h */,
				D7837A5117F4A2EC007BDD0A /* BUMuroPublicacionesViewController.m */,
				D7837A5217F4A2EC007BDD0A /* BUMuroPublicacionesViewController.xib */,
				D78379EA17F4861E007BDD0A /* 0star.png */,
				763CF15C17F355BA00A67E61 /* BUPerfilEmpresaViewController.h */,
				763CF15D17F355BA00A67E61 /* BUPerfilEmpresaViewController.m */,
				763CF15E17F355BA00A67E61 /* BUPerfilEmpresaViewController.xib */,
				763CF15F17F355BA00A67E61 /* BURealizarPublicacionViewController.h */,
				763CF16017F355BA00A67E61 /* BURealizarPublicacionViewController.m */,
				763CF16117F355BA00A67E61 /* BURealizarPublicacionViewController.xib */,
			);
			name = VC;
			sourceTree = "<group>";
		};
		D1C4A43817F486630088BE96 /* Model */ = {
			isa = PBXGroup;
			children = (
				D186F4CD17F5DA3F00D13B66 /* Empresa.h */,
				D186F4CE17F5DA3F00D13B66 /* Empresa.m */,
				D186F4CF17F5DA3F00D13B66 /* Persona.h */,
				D186F4D017F5DA3F00D13B66 /* Persona.m */,
				D186F4D117F5DA3F00D13B66 /* Publicacion.h */,
				D186F4D217F5DA3F00D13B66 /* Publicacion.m */,
				D186F4D317F5DA3F00D13B66 /* Sector.h */,
				D186F4D417F5DA3F00D13B66 /* Sector.m */,
			);
			name = Model;
			sourceTree = "<group>";
		};
		D7837A6817F4A32E007BDD0A /* en.lproj */ = {
			isa = PBXGroup;
			children = (
			);
			name = en.lproj;
			path = BrockUs/en.lproj;
			sourceTree = "<group>";
		};
		DF226AF217F5EB00001ACE42 /* ComboBox */ = {
			isa = PBXGroup;
			children = (
				DF226AF317F5EB00001ACE42 /* arrow.png */,
				DF226AF417F5EB00001ACE42 /* ComboBox.h */,
				DF226AF517F5EB00001ACE42 /* ComboBox.m */,
				DF226AF617F5EB00001ACE42 /* ComboBox.xib */,
			);
			name = ComboBox;
			path = ../../../../Downloads/ComboBox;
			sourceTree = "<group>";
		};
/* End PBXGroup section */

/* Begin PBXNativeTarget section */
		762670D517F3458000B5E485 /* BrockUs */ = {
			isa = PBXNativeTarget;
			buildConfigurationList = 762670F817F3458000B5E485 /* Build configuration list for PBXNativeTarget "BrockUs" */;
			buildPhases = (
				762670D217F3458000B5E485 /* Sources */,
				762670D317F3458000B5E485 /* Frameworks */,
				762670D417F3458000B5E485 /* Resources */,
			);
			buildRules = (
			);
			dependencies = (
			);
			name = BrockUs;
			productName = BrockUs;
			productReference = 762670D617F3458000B5E485 /* BrockUs.app */;
			productType = "com.apple.product-type.application";
		};
/* End PBXNativeTarget section */

/* Begin PBXProject section */
		762670CE17F3458000B5E485 /* Project object */ = {
			isa = PBXProject;
			attributes = {
				CLASSPREFIX = BU;
				LastUpgradeCheck = 0460;
				ORGANIZATIONNAME = Nodus;
			};
			buildConfigurationList = 762670D117F3458000B5E485 /* Build configuration list for PBXProject "BrockUs" */;
			compatibilityVersion = "Xcode 3.2";
			developmentRegion = English;
			hasScannedForEncodings = 0;
			knownRegions = (
				en,
			);
			mainGroup = 762670CD17F3458000B5E485;
			productRefGroup = 762670D717F3458000B5E485 /* Products */;
			projectDirPath = "";
			projectRoot = "";
			targets = (
				762670D517F3458000B5E485 /* BrockUs */,
			);
		};
/* End PBXProject section */

/* Begin PBXResourcesBuildPhase section */
		762670D417F3458000B5E485 /* Resources */ = {
			isa = PBXResourcesBuildPhase;
			buildActionMask = 2147483647;
			files = (
				762670EE17F3458000B5E485 /* Default.png in Resources */,
				762670F017F3458000B5E485 /* Default@2x.png in Resources */,
				762670F217F3458000B5E485 /* Default-568h@2x.png in Resources */,
				763CF16617F355BA00A67E61 /* BULoginViewController.xib in Resources */,
				763CF16817F355BA00A67E61 /* BUPerfilEmpresaViewController.xib in Resources */,
				763CF16A17F355BA00A67E61 /* BURealizarPublicacionViewController.xib in Resources */,
				763CF16C17F355BA00A67E61 /* BURegistroViewController.xib in Resources */,
				D78379EB17F4861E007BDD0A /* 0star.png in Resources */,
				D7837A5417F4A2EC007BDD0A /* BUMuroPublicacionesViewController.xib in Resources */,
				D7837A7317F4A32E007BDD0A /* BUBusquedaEspecialViewController.xib in Resources */,
				D7837A7517F4A32E007BDD0A /* BUInvitarPersonaViewController.xib in Resources */,
				D7837A7717F4A32E007BDD0A /* BUPanelIzquierdoViewController.xib in Resources */,
				D7837A7917F4A32E007BDD0A /* BUResultadoBusquedaViewController.xib in Resources */,
				D7837A7B17F4A32E007BDD0A /* BUSeleccionarSectorViewController.xib in Resources */,
				D7828C1617F5CA84003F4E3F /* BrockUs.sqlite in Resources */,
				D186F4DD17F5DBA000D13B66 /* BrockUs.sqlite in Resources */,
				DF226AF717F5EB00001ACE42 /* arrow.png in Resources */,
				DF226AF917F5EB00001ACE42 /* ComboBox.xib in Resources */,
			);
			runOnlyForDeploymentPostprocessing = 0;
		};
/* End PBXResourcesBuildPhase section */

/* Begin PBXSourcesBuildPhase section */
		762670D217F3458000B5E485 /* Sources */ = {
			isa = PBXSourcesBuildPhase;
			buildActionMask = 2147483647;
			files = (
				762670E817F3458000B5E485 /* main.m in Sources */,
				762670EC17F3458000B5E485 /* BUAppDelegate.m in Sources */,
				763CF16517F355BA00A67E61 /* BULoginViewController.m in Sources */,
				763CF16717F355BA00A67E61 /* BUPerfilEmpresaViewController.m in Sources */,
				763CF16917F355BA00A67E61 /* BURealizarPublicacionViewController.m in Sources */,
				763CF16B17F355BA00A67E61 /* BURegistroViewController.m in Sources */,
				D7837A5317F4A2EC007BDD0A /* BUMuroPublicacionesViewController.m in Sources */,
				D7837A7217F4A32E007BDD0A /* BUBusquedaEspecialViewController.m in Sources */,
				D7837A7417F4A32E007BDD0A /* BUInvitarPersonaViewController.m in Sources */,
				D7837A7617F4A32E007BDD0A /* BUPanelIzquierdoViewController.m in Sources */,
				D7837A7817F4A32E007BDD0A /* BUResultadoBusquedaViewController.m in Sources */,
				D7837A7A17F4A32E007BDD0A /* BUSeleccionarSectorViewController.m in Sources */,
				D186F4D517F5DA3F00D13B66 /* Empresa.m in Sources */,
				D186F4D617F5DA3F00D13B66 /* Persona.m in Sources */,
				D186F4D717F5DA3F00D13B66 /* Publicacion.m in Sources */,
				D186F4D817F5DA3F00D13B66 /* Sector.m in Sources */,
				D186F4DB17F5DA5900D13B66 /* BrockUs.xcdatamodeld in Sources */,
				DF226AF817F5EB00001ACE42 /* ComboBox.m in Sources */,
			);
			runOnlyForDeploymentPostprocessing = 0;
		};
/* End PBXSourcesBuildPhase section */

/* Begin XCBuildConfiguration section */
		762670F617F3458000B5E485 /* Debug */ = {
			isa = XCBuildConfiguration;
			buildSettings = {
				ALWAYS_SEARCH_USER_PATHS = NO;
				CLANG_CXX_LANGUAGE_STANDARD = "gnu++0x";
				CLANG_CXX_LIBRARY = "libc++";
				CLANG_ENABLE_OBJC_ARC = YES;
				CLANG_WARN_CONSTANT_CONVERSION = YES;
				CLANG_WARN_EMPTY_BODY = YES;
				CLANG_WARN_ENUM_CONVERSION = YES;
				CLANG_WARN_INT_CONVERSION = YES;
				CLANG_WARN__DUPLICATE_METHOD_MATCH = YES;
				"CODE_SIGN_IDENTITY[sdk=iphoneos*]" = "iPhone Developer";
				COPY_PHASE_STRIP = NO;
				GCC_C_LANGUAGE_STANDARD = gnu99;
				GCC_DYNAMIC_NO_PIC = NO;
				GCC_OPTIMIZATION_LEVEL = 0;
				GCC_PREPROCESSOR_DEFINITIONS = (
					"DEBUG=1",
					"$(inherited)",
				);
				GCC_SYMBOLS_PRIVATE_EXTERN = NO;
				GCC_WARN_ABOUT_RETURN_TYPE = YES;
				GCC_WARN_UNINITIALIZED_AUTOS = YES;
				GCC_WARN_UNUSED_VARIABLE = YES;
				IPHONEOS_DEPLOYMENT_TARGET = 6.1;
				ONLY_ACTIVE_ARCH = YES;
				SDKROOT = iphoneos;
			};
			name = Debug;
		};
		762670F717F3458000B5E485 /* Release */ = {
			isa = XCBuildConfiguration;
			buildSettings = {
				ALWAYS_SEARCH_USER_PATHS = NO;
				CLANG_CXX_LANGUAGE_STANDARD = "gnu++0x";
				CLANG_CXX_LIBRARY = "libc++";
				CLANG_ENABLE_OBJC_ARC = YES;
				CLANG_WARN_CONSTANT_CONVERSION = YES;
				CLANG_WARN_EMPTY_BODY = YES;
				CLANG_WARN_ENUM_CONVERSION = YES;
				CLANG_WARN_INT_CONVERSION = YES;
				CLANG_WARN__DUPLICATE_METHOD_MATCH = YES;
				"CODE_SIGN_IDENTITY[sdk=iphoneos*]" = "iPhone Developer";
				COPY_PHASE_STRIP = YES;
				GCC_C_LANGUAGE_STANDARD = gnu99;
				GCC_WARN_ABOUT_RETURN_TYPE = YES;
				GCC_WARN_UNINITIALIZED_AUTOS = YES;
				GCC_WARN_UNUSED_VARIABLE = YES;
				IPHONEOS_DEPLOYMENT_TARGET = 6.1;
				OTHER_CFLAGS = "-DNS_BLOCK_ASSERTIONS=1";
				SDKROOT = iphoneos;
				VALIDATE_PRODUCT = YES;
			};
			name = Release;
		};
		762670F917F3458000B5E485 /* Debug */ = {
			isa = XCBuildConfiguration;
			buildSettings = {
				GCC_PRECOMPILE_PREFIX_HEADER = YES;
				GCC_PREFIX_HEADER = "BrockUs/BrockUs-Prefix.pch";
				INFOPLIST_FILE = "BrockUs/BrockUs-Info.plist";
				PRODUCT_NAME = "$(TARGET_NAME)";
				TARGETED_DEVICE_FAMILY = 1;
				WRAPPER_EXTENSION = app;
			};
			name = Debug;
		};
		762670FA17F3458000B5E485 /* Release */ = {
			isa = XCBuildConfiguration;
			buildSettings = {
				GCC_PRECOMPILE_PREFIX_HEADER = YES;
				GCC_PREFIX_HEADER = "BrockUs/BrockUs-Prefix.pch";
				INFOPLIST_FILE = "BrockUs/BrockUs-Info.plist";
				PRODUCT_NAME = "$(TARGET_NAME)";
				TARGETED_DEVICE_FAMILY = 1;
				WRAPPER_EXTENSION = app;
			};
			name = Release;
		};
/* End XCBuildConfiguration section */

/* Begin XCConfigurationList section */
		762670D117F3458000B5E485 /* Build configuration list for PBXProject "BrockUs" */ = {
			isa = XCConfigurationList;
			buildConfigurations = (
				762670F617F3458000B5E485 /* Debug */,
				762670F717F3458000B5E485 /* Release */,
			);
			defaultConfigurationIsVisible = 0;
			defaultConfigurationName = Release;
		};
		762670F817F3458000B5E485 /* Build configuration list for PBXNativeTarget "BrockUs" */ = {
			isa = XCConfigurationList;
			buildConfigurations = (
				762670F917F3458000B5E485 /* Debug */,
				762670FA17F3458000B5E485 /* Release */,
			);
			defaultConfigurationIsVisible = 0;
			defaultConfigurationName = Release;
		};
/* End XCConfigurationList section */

/* Begin XCVersionGroup section */
		D186F4D917F5DA5900D13B66 /* BrockUs.xcdatamodeld */ = {
			isa = XCVersionGroup;
			children = (
				D186F4DA17F5DA5900D13B66 /* BrockUs.xcdatamodel */,
			);
			currentVersion = D186F4DA17F5DA5900D13B66 /* BrockUs.xcdatamodel */;
			path = BrockUs.xcdatamodeld;
			sourceTree = "<group>";
			versionGroupType = wrapper.xcdatamodel;
		};
/* End XCVersionGroup section */
	};
	rootObject = 762670CE17F3458000B5E485 /* Project object */;
}
